// !$*UTF8*$!
{
	archiveVersion = 1;
	classes = {
	};
	objectVersion = 46;
	objects = {

/* Begin PBXBuildFile section */
		383242481B5A0E0500DE9C89 /* AppDelegate.swift in Sources */ = {isa = PBXBuildFile; fileRef = 383242471B5A0E0500DE9C89 /* AppDelegate.swift */; };
		3832424A1B5A0E0500DE9C89 /* ViewController.swift in Sources */ = {isa = PBXBuildFile; fileRef = 383242491B5A0E0500DE9C89 /* ViewController.swift */; };
		3832424D1B5A0E0500DE9C89 /* Main.storyboard in Resources */ = {isa = PBXBuildFile; fileRef = 3832424B1B5A0E0500DE9C89 /* Main.storyboard */; };
		3832424F1B5A0E0500DE9C89 /* Images.xcassets in Resources */ = {isa = PBXBuildFile; fileRef = 3832424E1B5A0E0500DE9C89 /* Images.xcassets */; };
		383242521B5A0E0500DE9C89 /* LaunchScreen.xib in Resources */ = {isa = PBXBuildFile; fileRef = 383242501B5A0E0500DE9C89 /* LaunchScreen.xib */; };
		3832425E1B5A0E0500DE9C89 /* GiveTests.swift in Sources */ = {isa = PBXBuildFile; fileRef = 3832425D1B5A0E0500DE9C89 /* GiveTests.swift */; };
		66206F481B5A2BB600350C38 /* ProfileInputViewController.swift in Sources */ = {isa = PBXBuildFile; fileRef = 66206F471B5A2BB600350C38 /* ProfileInputViewController.swift */; };
		66A575BB1B5A0F1E00C7374D /* AudioToolbox.framework in Frameworks */ = {isa = PBXBuildFile; fileRef = 66A575BA1B5A0F1E00C7374D /* AudioToolbox.framework */; };
		66A575BD1B5A0F2700C7374D /* CFNetwork.framework in Frameworks */ = {isa = PBXBuildFile; fileRef = 66A575BC1B5A0F2700C7374D /* CFNetwork.framework */; };
		66A575BF1B5A0F2F00C7374D /* CoreGraphics.framework in Frameworks */ = {isa = PBXBuildFile; fileRef = 66A575BE1B5A0F2F00C7374D /* CoreGraphics.framework */; };
		66A575C11B5A0F3500C7374D /* CoreLocation.framework in Frameworks */ = {isa = PBXBuildFile; fileRef = 66A575C01B5A0F3500C7374D /* CoreLocation.framework */; };
		66A575C31B5A0F3F00C7374D /* QuartzCore.framework in Frameworks */ = {isa = PBXBuildFile; fileRef = 66A575C21B5A0F3F00C7374D /* QuartzCore.framework */; };
		66A575C51B5A0F4700C7374D /* Security.framework in Frameworks */ = {isa = PBXBuildFile; fileRef = 66A575C41B5A0F4700C7374D /* Security.framework */; };
		66A575C71B5A0F5000C7374D /* StoreKit.framework in Frameworks */ = {isa = PBXBuildFile; fileRef = 66A575C61B5A0F5000C7374D /* StoreKit.framework */; };
		66A575C91B5A0F5A00C7374D /* SystemConfiguration.framework in Frameworks */ = {isa = PBXBuildFile; fileRef = 66A575C81B5A0F5A00C7374D /* SystemConfiguration.framework */; };
		66A575CB1B5A0F6100C7374D /* libz.dylib in Frameworks */ = {isa = PBXBuildFile; fileRef = 66A575CA1B5A0F6100C7374D /* libz.dylib */; };
		66A575CD1B5A0F6B00C7374D /* libsqlite3.dylib in Frameworks */ = {isa = PBXBuildFile; fileRef = 66A575CC1B5A0F6B00C7374D /* libsqlite3.dylib */; };
		66A575D41B5A0F9700C7374D /* Bolts.framework in Frameworks */ = {isa = PBXBuildFile; fileRef = 66A575CE1B5A0F9700C7374D /* Bolts.framework */; };
		66A575D51B5A0F9700C7374D /* Parse.framework in Frameworks */ = {isa = PBXBuildFile; fileRef = 66A575CF1B5A0F9700C7374D /* Parse.framework */; };
		66A575D61B5A0F9700C7374D /* ParseCrashReporting.framework in Frameworks */ = {isa = PBXBuildFile; fileRef = 66A575D01B5A0F9700C7374D /* ParseCrashReporting.framework */; };
		66A575D81B5A0F9700C7374D /* ParseFacebookUtilsV4.framework in Frameworks */ = {isa = PBXBuildFile; fileRef = 66A575D21B5A0F9700C7374D /* ParseFacebookUtilsV4.framework */; };
		66A575D91B5A0F9700C7374D /* ParseUI.framework in Frameworks */ = {isa = PBXBuildFile; fileRef = 66A575D31B5A0F9700C7374D /* ParseUI.framework */; };
		66A575EE1B5A16E900C7374D /* ObjectiveCTestObj.m in Sources */ = {isa = PBXBuildFile; fileRef = 66A575ED1B5A16E900C7374D /* ObjectiveCTestObj.m */; };
		66DBEF191B5A191B002CC5F6 /* FBSDKCoreKit.framework in Frameworks */ = {isa = PBXBuildFile; fileRef = 66DBEF181B5A191B002CC5F6 /* FBSDKCoreKit.framework */; };
		66DBEF1B1B5A1940002CC5F6 /* FBSDKLoginKit.framework in Frameworks */ = {isa = PBXBuildFile; fileRef = 66DBEF1A1B5A1940002CC5F6 /* FBSDKLoginKit.framework */; };
		66DBEF1D1B5A1B14002CC5F6 /* LoginViewController.swift in Sources */ = {isa = PBXBuildFile; fileRef = 66DBEF1C1B5A1B14002CC5F6 /* LoginViewController.swift */; };
/* End PBXBuildFile section */

/* Begin PBXContainerItemProxy section */
		383242581B5A0E0500DE9C89 /* PBXContainerItemProxy */ = {
			isa = PBXContainerItemProxy;
			containerPortal = 3832423A1B5A0E0500DE9C89 /* Project object */;
			proxyType = 1;
			remoteGlobalIDString = 383242411B5A0E0500DE9C89;
			remoteInfo = Give;
		};
/* End PBXContainerItemProxy section */

/* Begin PBXFileReference section */
		383242421B5A0E0500DE9C89 /* Give.app */ = {isa = PBXFileReference; explicitFileType = wrapper.application; includeInIndex = 0; path = Give.app; sourceTree = BUILT_PRODUCTS_DIR; };
		383242461B5A0E0500DE9C89 /* Info.plist */ = {isa = PBXFileReference; lastKnownFileType = text.plist.xml; path = Info.plist; sourceTree = "<group>"; };
		383242471B5A0E0500DE9C89 /* AppDelegate.swift */ = {isa = PBXFileReference; lastKnownFileType = sourcecode.swift; path = AppDelegate.swift; sourceTree = "<group>"; };
		383242491B5A0E0500DE9C89 /* ViewController.swift */ = {isa = PBXFileReference; lastKnownFileType = sourcecode.swift; path = ViewController.swift; sourceTree = "<group>"; };
		3832424C1B5A0E0500DE9C89 /* Base */ = {isa = PBXFileReference; lastKnownFileType = file.storyboard; name = Base; path = Base.lproj/Main.storyboard; sourceTree = "<group>"; };
		3832424E1B5A0E0500DE9C89 /* Images.xcassets */ = {isa = PBXFileReference; lastKnownFileType = folder.assetcatalog; path = Images.xcassets; sourceTree = "<group>"; };
		383242511B5A0E0500DE9C89 /* Base */ = {isa = PBXFileReference; lastKnownFileType = file.xib; name = Base; path = Base.lproj/LaunchScreen.xib; sourceTree = "<group>"; };
		383242571B5A0E0500DE9C89 /* GiveTests.xctest */ = {isa = PBXFileReference; explicitFileType = wrapper.cfbundle; includeInIndex = 0; path = GiveTests.xctest; sourceTree = BUILT_PRODUCTS_DIR; };
		3832425C1B5A0E0500DE9C89 /* Info.plist */ = {isa = PBXFileReference; lastKnownFileType = text.plist.xml; path = Info.plist; sourceTree = "<group>"; };
		3832425D1B5A0E0500DE9C89 /* GiveTests.swift */ = {isa = PBXFileReference; lastKnownFileType = sourcecode.swift; path = GiveTests.swift; sourceTree = "<group>"; };
		66206F471B5A2BB600350C38 /* ProfileInputViewController.swift */ = {isa = PBXFileReference; fileEncoding = 4; lastKnownFileType = sourcecode.swift; path = ProfileInputViewController.swift; sourceTree = "<group>"; };
		66A575BA1B5A0F1E00C7374D /* AudioToolbox.framework */ = {isa = PBXFileReference; lastKnownFileType = wrapper.framework; name = AudioToolbox.framework; path = System/Library/Frameworks/AudioToolbox.framework; sourceTree = SDKROOT; };
		66A575BC1B5A0F2700C7374D /* CFNetwork.framework */ = {isa = PBXFileReference; lastKnownFileType = wrapper.framework; name = CFNetwork.framework; path = System/Library/Frameworks/CFNetwork.framework; sourceTree = SDKROOT; };
		66A575BE1B5A0F2F00C7374D /* CoreGraphics.framework */ = {isa = PBXFileReference; lastKnownFileType = wrapper.framework; name = CoreGraphics.framework; path = System/Library/Frameworks/CoreGraphics.framework; sourceTree = SDKROOT; };
		66A575C01B5A0F3500C7374D /* CoreLocation.framework */ = {isa = PBXFileReference; lastKnownFileType = wrapper.framework; name = CoreLocation.framework; path = System/Library/Frameworks/CoreLocation.framework; sourceTree = SDKROOT; };
		66A575C21B5A0F3F00C7374D /* QuartzCore.framework */ = {isa = PBXFileReference; lastKnownFileType = wrapper.framework; name = QuartzCore.framework; path = System/Library/Frameworks/QuartzCore.framework; sourceTree = SDKROOT; };
		66A575C41B5A0F4700C7374D /* Security.framework */ = {isa = PBXFileReference; lastKnownFileType = wrapper.framework; name = Security.framework; path = System/Library/Frameworks/Security.framework; sourceTree = SDKROOT; };
		66A575C61B5A0F5000C7374D /* StoreKit.framework */ = {isa = PBXFileReference; lastKnownFileType = wrapper.framework; name = StoreKit.framework; path = System/Library/Frameworks/StoreKit.framework; sourceTree = SDKROOT; };
		66A575C81B5A0F5A00C7374D /* SystemConfiguration.framework */ = {isa = PBXFileReference; lastKnownFileType = wrapper.framework; name = SystemConfiguration.framework; path = System/Library/Frameworks/SystemConfiguration.framework; sourceTree = SDKROOT; };
		66A575CA1B5A0F6100C7374D /* libz.dylib */ = {isa = PBXFileReference; lastKnownFileType = "compiled.mach-o.dylib"; name = libz.dylib; path = usr/lib/libz.dylib; sourceTree = SDKROOT; };
		66A575CC1B5A0F6B00C7374D /* libsqlite3.dylib */ = {isa = PBXFileReference; lastKnownFileType = "compiled.mach-o.dylib"; name = libsqlite3.dylib; path = usr/lib/libsqlite3.dylib; sourceTree = SDKROOT; };
		66A575CE1B5A0F9700C7374D /* Bolts.framework */ = {isa = PBXFileReference; lastKnownFileType = wrapper.framework; path = Bolts.framework; sourceTree = "<group>"; };
		66A575CF1B5A0F9700C7374D /* Parse.framework */ = {isa = PBXFileReference; lastKnownFileType = wrapper.framework; path = Parse.framework; sourceTree = "<group>"; };
		66A575D01B5A0F9700C7374D /* ParseCrashReporting.framework */ = {isa = PBXFileReference; lastKnownFileType = wrapper.framework; path = ParseCrashReporting.framework; sourceTree = "<group>"; };
		66A575D21B5A0F9700C7374D /* ParseFacebookUtilsV4.framework */ = {isa = PBXFileReference; lastKnownFileType = wrapper.framework; path = ParseFacebookUtilsV4.framework; sourceTree = "<group>"; };
		66A575D31B5A0F9700C7374D /* ParseUI.framework */ = {isa = PBXFileReference; lastKnownFileType = wrapper.framework; path = ParseUI.framework; sourceTree = "<group>"; };
		66A575EC1B5A16E800C7374D /* Give-Bridging-Header.h */ = {isa = PBXFileReference; lastKnownFileType = sourcecode.c.h; path = "Give-Bridging-Header.h"; sourceTree = "<group>"; };
		66A575ED1B5A16E900C7374D /* ObjectiveCTestObj.m */ = {isa = PBXFileReference; fileEncoding = 4; lastKnownFileType = sourcecode.c.objc; name = ObjectiveCTestObj.m; path = Give/ObjectiveCTestObj.m; sourceTree = "<group>"; };
		66DBEF181B5A191B002CC5F6 /* FBSDKCoreKit.framework */ = {isa = PBXFileReference; lastKnownFileType = wrapper.framework; path = FBSDKCoreKit.framework; sourceTree = "<group>"; };
		66DBEF1A1B5A1940002CC5F6 /* FBSDKLoginKit.framework */ = {isa = PBXFileReference; lastKnownFileType = wrapper.framework; path = FBSDKLoginKit.framework; sourceTree = "<group>"; };
		66DBEF1C1B5A1B14002CC5F6 /* LoginViewController.swift */ = {isa = PBXFileReference; fileEncoding = 4; lastKnownFileType = sourcecode.swift; path = LoginViewController.swift; sourceTree = "<group>"; };
/* End PBXFileReference section */

/* Begin PBXFrameworksBuildPhase section */
		3832423F1B5A0E0500DE9C89 /* Frameworks */ = {
			isa = PBXFrameworksBuildPhase;
			buildActionMask = 2147483647;
			files = (
				66A575CD1B5A0F6B00C7374D /* libsqlite3.dylib in Frameworks */,
				66DBEF1B1B5A1940002CC5F6 /* FBSDKLoginKit.framework in Frameworks */,
				66DBEF191B5A191B002CC5F6 /* FBSDKCoreKit.framework in Frameworks */,
				66A575CB1B5A0F6100C7374D /* libz.dylib in Frameworks */,
				66A575C91B5A0F5A00C7374D /* SystemConfiguration.framework in Frameworks */,
				66A575C71B5A0F5000C7374D /* StoreKit.framework in Frameworks */,
				66A575C51B5A0F4700C7374D /* Security.framework in Frameworks */,
				66A575D91B5A0F9700C7374D /* ParseUI.framework in Frameworks */,
				66A575C31B5A0F3F00C7374D /* QuartzCore.framework in Frameworks */,
				66A575C11B5A0F3500C7374D /* CoreLocation.framework in Frameworks */,
				66A575BF1B5A0F2F00C7374D /* CoreGraphics.framework in Frameworks */,
				66A575D41B5A0F9700C7374D /* Bolts.framework in Frameworks */,
				66A575BD1B5A0F2700C7374D /* CFNetwork.framework in Frameworks */,
				66A575D51B5A0F9700C7374D /* Parse.framework in Frameworks */,
				66A575BB1B5A0F1E00C7374D /* AudioToolbox.framework in Frameworks */,
				66A575D61B5A0F9700C7374D /* ParseCrashReporting.framework in Frameworks */,
				66A575D81B5A0F9700C7374D /* ParseFacebookUtilsV4.framework in Frameworks */,
			);
			runOnlyForDeploymentPostprocessing = 0;
		};
		383242541B5A0E0500DE9C89 /* Frameworks */ = {
			isa = PBXFrameworksBuildPhase;
			buildActionMask = 2147483647;
			files = (
			);
			runOnlyForDeploymentPostprocessing = 0;
		};
/* End PBXFrameworksBuildPhase section */

/* Begin PBXGroup section */
		383242391B5A0E0500DE9C89 = {
			isa = PBXGroup;
			children = (
				66A575ED1B5A16E900C7374D /* ObjectiveCTestObj.m */,
				66A575CC1B5A0F6B00C7374D /* libsqlite3.dylib */,
				66A575CA1B5A0F6100C7374D /* libz.dylib */,
				66A575C81B5A0F5A00C7374D /* SystemConfiguration.framework */,
				66A575C61B5A0F5000C7374D /* StoreKit.framework */,
				66A575C41B5A0F4700C7374D /* Security.framework */,
				66A575C21B5A0F3F00C7374D /* QuartzCore.framework */,
				66A575C01B5A0F3500C7374D /* CoreLocation.framework */,
				66A575BE1B5A0F2F00C7374D /* CoreGraphics.framework */,
				66A575BC1B5A0F2700C7374D /* CFNetwork.framework */,
				66A575BA1B5A0F1E00C7374D /* AudioToolbox.framework */,
				383242441B5A0E0500DE9C89 /* Give */,
				3832425A1B5A0E0500DE9C89 /* GiveTests */,
				383242431B5A0E0500DE9C89 /* Products */,
				66A575EC1B5A16E800C7374D /* Give-Bridging-Header.h */,
			);
			sourceTree = "<group>";
		};
		383242431B5A0E0500DE9C89 /* Products */ = {
			isa = PBXGroup;
			children = (
				383242421B5A0E0500DE9C89 /* Give.app */,
				383242571B5A0E0500DE9C89 /* GiveTests.xctest */,
			);
			name = Products;
			sourceTree = "<group>";
		};
		383242441B5A0E0500DE9C89 /* Give */ = {
			isa = PBXGroup;
			children = (
				66DBEF1A1B5A1940002CC5F6 /* FBSDKLoginKit.framework */,
				66DBEF181B5A191B002CC5F6 /* FBSDKCoreKit.framework */,
				66A575CE1B5A0F9700C7374D /* Bolts.framework */,
				66A575CF1B5A0F9700C7374D /* Parse.framework */,
				66A575D01B5A0F9700C7374D /* ParseCrashReporting.framework */,
				66A575D21B5A0F9700C7374D /* ParseFacebookUtilsV4.framework */,
				66A575D31B5A0F9700C7374D /* ParseUI.framework */,
				383242471B5A0E0500DE9C89 /* AppDelegate.swift */,
				383242491B5A0E0500DE9C89 /* ViewController.swift */,
				3832424B1B5A0E0500DE9C89 /* Main.storyboard */,
				3832424E1B5A0E0500DE9C89 /* Images.xcassets */,
				383242501B5A0E0500DE9C89 /* LaunchScreen.xib */,
				383242451B5A0E0500DE9C89 /* Supporting Files */,
				66DBEF1C1B5A1B14002CC5F6 /* LoginViewController.swift */,
				66206F471B5A2BB600350C38 /* ProfileInputViewController.swift */,
			);
			path = Give;
			sourceTree = "<group>";
		};
		383242451B5A0E0500DE9C89 /* Supporting Files */ = {
			isa = PBXGroup;
			children = (
				383242461B5A0E0500DE9C89 /* Info.plist */,
			);
			name = "Supporting Files";
			sourceTree = "<group>";
		};
		3832425A1B5A0E0500DE9C89 /* GiveTests */ = {
			isa = PBXGroup;
			children = (
				3832425D1B5A0E0500DE9C89 /* GiveTests.swift */,
				3832425B1B5A0E0500DE9C89 /* Supporting Files */,
			);
			path = GiveTests;
			sourceTree = "<group>";
		};
		3832425B1B5A0E0500DE9C89 /* Supporting Files */ = {
			isa = PBXGroup;
			children = (
				3832425C1B5A0E0500DE9C89 /* Info.plist */,
			);
			name = "Supporting Files";
			sourceTree = "<group>";
		};
/* End PBXGroup section */

/* Begin PBXNativeTarget section */
		383242411B5A0E0500DE9C89 /* Give */ = {
			isa = PBXNativeTarget;
			buildConfigurationList = 383242611B5A0E0500DE9C89 /* Build configuration list for PBXNativeTarget "Give" */;
			buildPhases = (
				3832423E1B5A0E0500DE9C89 /* Sources */,
				3832423F1B5A0E0500DE9C89 /* Frameworks */,
				383242401B5A0E0500DE9C89 /* Resources */,
			);
			buildRules = (
			);
			dependencies = (
			);
			name = Give;
			productName = Give;
			productReference = 383242421B5A0E0500DE9C89 /* Give.app */;
			productType = "com.apple.product-type.application";
		};
		383242561B5A0E0500DE9C89 /* GiveTests */ = {
			isa = PBXNativeTarget;
			buildConfigurationList = 383242641B5A0E0500DE9C89 /* Build configuration list for PBXNativeTarget "GiveTests" */;
			buildPhases = (
				383242531B5A0E0500DE9C89 /* Sources */,
				383242541B5A0E0500DE9C89 /* Frameworks */,
				383242551B5A0E0500DE9C89 /* Resources */,
			);
			buildRules = (
			);
			dependencies = (
				383242591B5A0E0500DE9C89 /* PBXTargetDependency */,
			);
			name = GiveTests;
			productName = GiveTests;
			productReference = 383242571B5A0E0500DE9C89 /* GiveTests.xctest */;
			productType = "com.apple.product-type.bundle.unit-test";
		};
/* End PBXNativeTarget section */

/* Begin PBXProject section */
		3832423A1B5A0E0500DE9C89 /* Project object */ = {
			isa = PBXProject;
			attributes = {
				LastUpgradeCheck = 0640;
				ORGANIZATIONNAME = "Jonathan Grant";
				TargetAttributes = {
					383242411B5A0E0500DE9C89 = {
						CreatedOnToolsVersion = 6.4;
					};
					383242561B5A0E0500DE9C89 = {
						CreatedOnToolsVersion = 6.4;
						TestTargetID = 383242411B5A0E0500DE9C89;
					};
				};
			};
			buildConfigurationList = 3832423D1B5A0E0500DE9C89 /* Build configuration list for PBXProject "Give" */;
			compatibilityVersion = "Xcode 3.2";
			developmentRegion = English;
			hasScannedForEncodings = 0;
			knownRegions = (
				en,
				Base,
			);
			mainGroup = 383242391B5A0E0500DE9C89;
			productRefGroup = 383242431B5A0E0500DE9C89 /* Products */;
			projectDirPath = "";
			projectRoot = "";
			targets = (
				383242411B5A0E0500DE9C89 /* Give */,
				383242561B5A0E0500DE9C89 /* GiveTests */,
			);
		};
/* End PBXProject section */

/* Begin PBXResourcesBuildPhase section */
		383242401B5A0E0500DE9C89 /* Resources */ = {
			isa = PBXResourcesBuildPhase;
			buildActionMask = 2147483647;
			files = (
				3832424D1B5A0E0500DE9C89 /* Main.storyboard in Resources */,
				383242521B5A0E0500DE9C89 /* LaunchScreen.xib in Resources */,
				3832424F1B5A0E0500DE9C89 /* Images.xcassets in Resources */,
			);
			runOnlyForDeploymentPostprocessing = 0;
		};
		383242551B5A0E0500DE9C89 /* Resources */ = {
			isa = PBXResourcesBuildPhase;
			buildActionMask = 2147483647;
			files = (
			);
			runOnlyForDeploymentPostprocessing = 0;
		};
/* End PBXResourcesBuildPhase section */

/* Begin PBXSourcesBuildPhase section */
		3832423E1B5A0E0500DE9C89 /* Sources */ = {
			isa = PBXSourcesBuildPhase;
			buildActionMask = 2147483647;
			files = (
				66DBEF1D1B5A1B14002CC5F6 /* LoginViewController.swift in Sources */,
				3832424A1B5A0E0500DE9C89 /* ViewController.swift in Sources */,
				66A575EE1B5A16E900C7374D /* ObjectiveCTestObj.m in Sources */,
				383242481B5A0E0500DE9C89 /* AppDelegate.swift in Sources */,
				66206F481B5A2BB600350C38 /* ProfileInputViewController.swift in Sources */,
			);
			runOnlyForDeploymentPostprocessing = 0;
		};
		383242531B5A0E0500DE9C89 /* Sources */ = {
			isa = PBXSourcesBuildPhase;
			buildActionMask = 2147483647;
			files = (
				3832425E1B5A0E0500DE9C89 /* GiveTests.swift in Sources */,
			);
			runOnlyForDeploymentPostprocessing = 0;
		};
/* End PBXSourcesBuildPhase section */

/* Begin PBXTargetDependency section */
		383242591B5A0E0500DE9C89 /* PBXTargetDependency */ = {
			isa = PBXTargetDependency;
			target = 383242411B5A0E0500DE9C89 /* Give */;
			targetProxy = 383242581B5A0E0500DE9C89 /* PBXContainerItemProxy */;
		};
/* End PBXTargetDependency section */

/* Begin PBXVariantGroup section */
		3832424B1B5A0E0500DE9C89 /* Main.storyboard */ = {
			isa = PBXVariantGroup;
			children = (
				3832424C1B5A0E0500DE9C89 /* Base */,
			);
			name = Main.storyboard;
			sourceTree = "<group>";
		};
		383242501B5A0E0500DE9C89 /* LaunchScreen.xib */ = {
			isa = PBXVariantGroup;
			children = (
				383242511B5A0E0500DE9C89 /* Base */,
			);
			name = LaunchScreen.xib;
			sourceTree = "<group>";
		};
/* End PBXVariantGroup section */

/* Begin XCBuildConfiguration section */
		3832425F1B5A0E0500DE9C89 /* Debug */ = {
			isa = XCBuildConfiguration;
			buildSettings = {
				ALWAYS_SEARCH_USER_PATHS = NO;
				CLANG_CXX_LANGUAGE_STANDARD = "gnu++0x";
				CLANG_CXX_LIBRARY = "libc++";
				CLANG_ENABLE_MODULES = YES;
				CLANG_ENABLE_OBJC_ARC = YES;
				CLANG_WARN_BOOL_CONVERSION = YES;
				CLANG_WARN_CONSTANT_CONVERSION = YES;
				CLANG_WARN_DIRECT_OBJC_ISA_USAGE = YES_ERROR;
				CLANG_WARN_EMPTY_BODY = YES;
				CLANG_WARN_ENUM_CONVERSION = YES;
				CLANG_WARN_INT_CONVERSION = YES;
				CLANG_WARN_OBJC_ROOT_CLASS = YES_ERROR;
				CLANG_WARN_UNREACHABLE_CODE = YES;
				CLANG_WARN__DUPLICATE_METHOD_MATCH = YES;
				"CODE_SIGN_IDENTITY[sdk=iphoneos*]" = "iPhone Developer";
				COPY_PHASE_STRIP = NO;
				DEBUG_INFORMATION_FORMAT = "dwarf-with-dsym";
				ENABLE_STRICT_OBJC_MSGSEND = YES;
				GCC_C_LANGUAGE_STANDARD = gnu99;
				GCC_DYNAMIC_NO_PIC = NO;
				GCC_NO_COMMON_BLOCKS = YES;
				GCC_OPTIMIZATION_LEVEL = 0;
				GCC_PREPROCESSOR_DEFINITIONS = (
					"DEBUG=1",
					"$(inherited)",
				);
				GCC_SYMBOLS_PRIVATE_EXTERN = NO;
				GCC_WARN_64_TO_32_BIT_CONVERSION = YES;
				GCC_WARN_ABOUT_RETURN_TYPE = YES_ERROR;
				GCC_WARN_UNDECLARED_SELECTOR = YES;
				GCC_WARN_UNINITIALIZED_AUTOS = YES_AGGRESSIVE;
				GCC_WARN_UNUSED_FUNCTION = YES;
				GCC_WARN_UNUSED_VARIABLE = YES;
				IPHONEOS_DEPLOYMENT_TARGET = 8.4;
				MTL_ENABLE_DEBUG_INFO = YES;
				ONLY_ACTIVE_ARCH = YES;
				SDKROOT = iphoneos;
				SWIFT_OPTIMIZATION_LEVEL = "-Onone";
				TARGETED_DEVICE_FAMILY = "1,2";
			};
			name = Debug;
		};
		383242601B5A0E0500DE9C89 /* Release */ = {
			isa = XCBuildConfiguration;
			buildSettings = {
				ALWAYS_SEARCH_USER_PATHS = NO;
				CLANG_CXX_LANGUAGE_STANDARD = "gnu++0x";
				CLANG_CXX_LIBRARY = "libc++";
				CLANG_ENABLE_MODULES = YES;
				CLANG_ENABLE_OBJC_ARC = YES;
				CLANG_WARN_BOOL_CONVERSION = YES;
				CLANG_WARN_CONSTANT_CONVERSION = YES;
				CLANG_WARN_DIRECT_OBJC_ISA_USAGE = YES_ERROR;
				CLANG_WARN_EMPTY_BODY = YES;
				CLANG_WARN_ENUM_CONVERSION = YES;
				CLANG_WARN_INT_CONVERSION = YES;
				CLANG_WARN_OBJC_ROOT_CLASS = YES_ERROR;
				CLANG_WARN_UNREACHABLE_CODE = YES;
				CLANG_WARN__DUPLICATE_METHOD_MATCH = YES;
				"CODE_SIGN_IDENTITY[sdk=iphoneos*]" = "iPhone Developer";
				COPY_PHASE_STRIP = NO;
				DEBUG_INFORMATION_FORMAT = "dwarf-with-dsym";
				ENABLE_NS_ASSERTIONS = NO;
				ENABLE_STRICT_OBJC_MSGSEND = YES;
				GCC_C_LANGUAGE_STANDARD = gnu99;
				GCC_NO_COMMON_BLOCKS = YES;
				GCC_WARN_64_TO_32_BIT_CONVERSION = YES;
				GCC_WARN_ABOUT_RETURN_TYPE = YES_ERROR;
				GCC_WARN_UNDECLARED_SELECTOR = YES;
				GCC_WARN_UNINITIALIZED_AUTOS = YES_AGGRESSIVE;
				GCC_WARN_UNUSED_FUNCTION = YES;
				GCC_WARN_UNUSED_VARIABLE = YES;
				IPHONEOS_DEPLOYMENT_TARGET = 8.4;
				MTL_ENABLE_DEBUG_INFO = NO;
				SDKROOT = iphoneos;
				TARGETED_DEVICE_FAMILY = "1,2";
				VALIDATE_PRODUCT = YES;
			};
			name = Release;
		};
		383242621B5A0E0500DE9C89 /* Debug */ = {
			isa = XCBuildConfiguration;
			buildSettings = {
				ASSETCATALOG_COMPILER_APPICON_NAME = AppIcon;
				CLANG_ENABLE_MODULES = YES;
				FRAMEWORK_SEARCH_PATHS = (
					"$(inherited)",
					"$(PROJECT_DIR)/Give",
				);
				INFOPLIST_FILE = Give/Info.plist;
				LD_RUNPATH_SEARCH_PATHS = "$(inherited) @executable_path/Frameworks";
				PRODUCT_NAME = "$(TARGET_NAME)";
				SWIFT_OBJC_BRIDGING_HEADER = "Give-Bridging-Header.h";
				SWIFT_OPTIMIZATION_LEVEL = "-Onone";
			};
			name = Debug;
		};
		383242631B5A0E0500DE9C89 /* Release */ = {
			isa = XCBuildConfiguration;
			buildSettings = {
				ASSETCATALOG_COMPILER_APPICON_NAME = AppIcon;
				CLANG_ENABLE_MODULES = YES;
				FRAMEWORK_SEARCH_PATHS = (
					"$(inherited)",
					"$(PROJECT_DIR)/Give",
				);
				INFOPLIST_FILE = Give/Info.plist;
				LD_RUNPATH_SEARCH_PATHS = "$(inherited) @executable_path/Frameworks";
				PRODUCT_NAME = "$(TARGET_NAME)";
				SWIFT_OBJC_BRIDGING_HEADER = "Give-Bridging-Header.h";
			};
			name = Release;
		};
		383242651B5A0E0500DE9C89 /* Debug */ = {
			isa = XCBuildConfiguration;
			buildSettings = {
				BUNDLE_LOADER = "$(TEST_HOST)";
				FRAMEWORK_SEARCH_PATHS = (
					"$(SDKROOT)/Developer/Library/Frameworks",
					"$(inherited)",
				);
				GCC_PREPROCESSOR_DEFINITIONS = (
					"DEBUG=1",
					"$(inherited)",
				);
				INFOPLIST_FILE = GiveTests/Info.plist;
				LD_RUNPATH_SEARCH_PATHS = "$(inherited) @executable_path/Frameworks @loader_path/Frameworks";
				PRODUCT_NAME = "$(TARGET_NAME)";
				TEST_HOST = "$(BUILT_PRODUCTS_DIR)/Give.app/Give";
			};
			name = Debug;
		};
		383242661B5A0E0500DE9C89 /* Release */ = {
			isa = XCBuildConfiguration;
			buildSettings = {
				BUNDLE_LOADER = "$(TEST_HOST)";
				FRAMEWORK_SEARCH_PATHS = (
					"$(SDKROOT)/Developer/Library/Frameworks",
					"$(inherited)",
				);
				INFOPLIST_FILE = GiveTests/Info.plist;
				LD_RUNPATH_SEARCH_PATHS = "$(inherited) @executable_path/Frameworks @loader_path/Frameworks";
				PRODUCT_NAME = "$(TARGET_NAME)";
				TEST_HOST = "$(BUILT_PRODUCTS_DIR)/Give.app/Give";
			};
			name = Release;
		};
/* End XCBuildConfiguration section */

/* Begin XCConfigurationList section */
		3832423D1B5A0E0500DE9C89 /* Build configuration list for PBXProject "Give" */ = {
			isa = XCConfigurationList;
			buildConfigurations = (
				3832425F1B5A0E0500DE9C89 /* Debug */,
				383242601B5A0E0500DE9C89 /* Release */,
			);
			defaultConfigurationIsVisible = 0;
			defaultConfigurationName = Release;
		};
		383242611B5A0E0500DE9C89 /* Build configuration list for PBXNativeTarget "Give" */ = {
			isa = XCConfigurationList;
			buildConfigurations = (
				383242621B5A0E0500DE9C89 /* Debug */,
				383242631B5A0E0500DE9C89 /* Release */,
			);
			defaultConfigurationIsVisible = 0;
			defaultConfigurationName = Release;
		};
		383242641B5A0E0500DE9C89 /* Build configuration list for PBXNativeTarget "GiveTests" */ = {
			isa = XCConfigurationList;
			buildConfigurations = (
				383242651B5A0E0500DE9C89 /* Debug */,
				383242661B5A0E0500DE9C89 /* Release */,
			);
			defaultConfigurationIsVisible = 0;
			defaultConfigurationName = Release;
		};
/* End XCConfigurationList section */
	};
	rootObject = 3832423A1B5A0E0500DE9C89 /* Project object */;
}
